
Microsoft Visual Studio Solution File, Format Version 12.00
# Visual Studio Version 16
VisualStudioVersion = 16.0.32630.194
MinimumVisualStudioVersion = 10.0.40219.1
Project("{9A19103F-16F7-4668-BE54-9A1E7A4F7556}") = "ClassIntro", "ClassIntro\ClassIntro.csproj", "{C07DD4AD-8300-435A-9723-43CA4D10B643}"
EndProject
Project("{9A19103F-16F7-4668-BE54-9A1E7A4F7556}") = "Metodlar", "Metodlar\Metodlar.csproj", "{B4FF8A67-CA2B-45F7-9278-AD697892D676}"
EndProject
Project("{FAE04EC0-301F-11D3-BF4B-00C04F79EFBC}") = "Matematik", "Matematik\Matematik.csproj", "{19EAD0D1-2428-47C4-A069-BBE92E15DDE3}"
EndProject
Project("{FAE04EC0-301F-11D3-BF4B-00C04F79EFBC}") = "DegerVeReferansTipler", "DegerVeReferansTipler\DegerVeReferansTipler.csproj", "{250B3320-82AF-45CE-8F4A-CA7333733C25}"
EndProject
Global
	GlobalSection(SolutionConfigurationPlatforms) = preSolution
		Debug|Any CPU = Debug|Any CPU
		Release|Any CPU = Release|Any CPU
	EndGlobalSection
	GlobalSection(ProjectConfigurationPlatforms) = postSolution
		{C07DD4AD-8300-435A-9723-43CA4D10B643}.Debug|Any CPU.ActiveCfg = Debug|Any CPU
		{C07DD4AD-8300-435A-9723-43CA4D10B643}.Debug|Any CPU.Build.0 = Debug|Any CPU
		{C07DD4AD-8300-435A-9723-43CA4D10B643}.Release|Any CPU.ActiveCfg = Release|Any CPU
		{C07DD4AD-8300-435A-9723-43CA4D10B643}.Release|Any CPU.Build.0 = Release|Any CPU
		{B4FF8A67-CA2B-45F7-9278-AD697892D676}.Debug|Any CPU.ActiveCfg = Debug|Any CPU
		{B4FF8A67-CA2B-45F7-9278-AD697892D676}.Debug|Any CPU.Build.0 = Debug|Any CPU
		{B4FF8A67-CA2B-45F7-9278-AD697892D676}.Release|Any CPU.ActiveCfg = Release|Any CPU
		{B4FF8A67-CA2B-45F7-9278-AD697892D676}.Release|Any CPU.Build.0 = Release|Any CPU
		{19EAD0D1-2428-47C4-A069-BBE92E15DDE3}.Debug|Any CPU.ActiveCfg = Debug|Any CPU
		{19EAD0D1-2428-47C4-A069-BBE92E15DDE3}.Debug|Any CPU.Build.0 = Debug|Any CPU
		{19EAD0D1-2428-47C4-A069-BBE92E15DDE3}.Release|Any CPU.ActiveCfg = Release|Any CPU
		{19EAD0D1-2428-47C4-A069-BBE92E15DDE3}.Release|Any CPU.Build.0 = Release|Any CPU
		{250B3320-82AF-45CE-8F4A-CA7333733C25}.Debug|Any CPU.ActiveCfg = Debug|Any CPU
		{250B3320-82AF-45CE-8F4A-CA7333733C25}.Debug|Any CPU.Build.0 = Debug|Any CPU
		{250B3320-82AF-45CE-8F4A-CA7333733C25}.Release|Any CPU.ActiveCfg = Release|Any CPU
		{250B3320-82AF-45CE-8F4A-CA7333733C25}.Release|Any CPU.Build.0 = Release|Any CPU
	EndGlobalSection
	GlobalSection(SolutionProperties) = preSolution
		HideSolutionNode = FALSE
	EndGlobalSection
	GlobalSection(ExtensibilityGlobals) = postSolution
		SolutionGuid = {CEB172EE-6067-4645-8753-11BA2ABC86ED}
	EndGlobalSection
EndGlobal
