
Microsoft Visual Studio Solution File, Format Version 12.00
# Visual Studio Version 16
VisualStudioVersion = 16.0.32630.194
MinimumVisualStudioVersion = 10.0.40219.1
Project("{9A19103F-16F7-4668-BE54-9A1E7A4F7556}") = "ClassIntro", "ClassIntro\ClassIntro.csproj", "{C07DD4AD-8300-435A-9723-43CA4D10B643}"
EndProject
Project("{9A19103F-16F7-4668-BE54-9A1E7A4F7556}") = "Metodlar", "Metodlar\Metodlar.csproj", "{B4FF8A67-CA2B-45F7-9278-AD697892D676}"
EndProject
Project("{9A19103F-16F7-4668-BE54-9A1E7A4F7556}") = "Matematik", "Matematik\Matematik.csproj", "{19EAD0D1-2428-47C4-A069-BBE92E15DDE3}"
EndProject
Project("{9A19103F-16F7-4668-BE54-9A1E7A4F7556}") = "DegerVeReferansTipler", "DegerVeReferansTipler\DegerVeReferansTipler.csproj", "{250B3320-82AF-45CE-8F4A-CA7333733C25}"
EndProject
Project("{9A19103F-16F7-4668-BE54-9A1E7A4F7556}") = "Hafta3-Odev3", "Hafta3-Odev3\Hafta3-Odev3.csproj", "{BCA22533-3847-4F5C-AFF3-77F7843AE35E}"
EndProject
Project("{9A19103F-16F7-4668-BE54-9A1E7A4F7556}") = "OOP1", "OOP1\OOP1.csproj", "{C2CB13E7-8EEE-4D99-A2AA-4B5D0ABC0027}"
EndProject
Project("{9A19103F-16F7-4668-BE54-9A1E7A4F7556}") = "Koleksiyonlar", "Koleksiyonlar\Koleksiyonlar.csproj", "{E6449025-FA55-4483-BDCD-435231F7A728}"
EndProject
Project("{9A19103F-16F7-4668-BE54-9A1E7A4F7556}") = "GenericsIntro", "GenericsIntro\GenericsIntro.csproj", "{C934E670-E55B-47D6-8740-20715223F92C}"
EndProject
Project("{9A19103F-16F7-4668-BE54-9A1E7A4F7556}") = "ReferanceTypes", "ReferanceTypes\ReferanceTypes.csproj", "{CC41BBF2-3777-4040-B6CE-3C36A2B3D400}"
EndProject
Project("{9A19103F-16F7-4668-BE54-9A1E7A4F7556}") = "Constructors", "Constructors\Constructors.csproj", "{D8C61E3C-90EB-4DF7-854C-57136943966E}"
EndProject
Project("{9A19103F-16F7-4668-BE54-9A1E7A4F7556}") = "Generics", "Generics\Generics.csproj", "{3C60D157-0D0C-488E-A177-A8C7A4C4CC52}"
EndProject
Project("{9A19103F-16F7-4668-BE54-9A1E7A4F7556}") = "OOP2", "OOP2\OOP2.csproj", "{329E7206-601F-4086-A9AC-EBB241694AD2}"
EndProject
Project("{9A19103F-16F7-4668-BE54-9A1E7A4F7556}") = "OOP3", "OOP3\OOP3.csproj", "{D61832F6-3BA4-49EF-9679-416B914D07B4}"
EndProject
Project("{9A19103F-16F7-4668-BE54-9A1E7A4F7556}") = "Gercek-Hayatta-Interface-ve-Abstract", "Gercek-Hayatta-Interface-ve-Abstract\Gercek-Hayatta-Interface-ve-Abstract.csproj", "{A18505D6-4ECA-46F8-9335-50571E8A3B83}"
EndProject
Project("{FAE04EC0-301F-11D3-BF4B-00C04F79EFBC}") = "Odev5_GameSales", "Odev5_GameSales\Odev5_GameSales.csproj", "{FC8EB0AD-F00D-4775-8C57-672A3B55155B}"
EndProject
Global
	GlobalSection(SolutionConfigurationPlatforms) = preSolution
		Debug|Any CPU = Debug|Any CPU
		Release|Any CPU = Release|Any CPU
	EndGlobalSection
	GlobalSection(ProjectConfigurationPlatforms) = postSolution
		{C07DD4AD-8300-435A-9723-43CA4D10B643}.Debug|Any CPU.ActiveCfg = Debug|Any CPU
		{C07DD4AD-8300-435A-9723-43CA4D10B643}.Debug|Any CPU.Build.0 = Debug|Any CPU
		{C07DD4AD-8300-435A-9723-43CA4D10B643}.Release|Any CPU.ActiveCfg = Release|Any CPU
		{C07DD4AD-8300-435A-9723-43CA4D10B643}.Release|Any CPU.Build.0 = Release|Any CPU
		{B4FF8A67-CA2B-45F7-9278-AD697892D676}.Debug|Any CPU.ActiveCfg = Debug|Any CPU
		{B4FF8A67-CA2B-45F7-9278-AD697892D676}.Debug|Any CPU.Build.0 = Debug|Any CPU
		{B4FF8A67-CA2B-45F7-9278-AD697892D676}.Release|Any CPU.ActiveCfg = Release|Any CPU
		{B4FF8A67-CA2B-45F7-9278-AD697892D676}.Release|Any CPU.Build.0 = Release|Any CPU
		{19EAD0D1-2428-47C4-A069-BBE92E15DDE3}.Debug|Any CPU.ActiveCfg = Debug|Any CPU
		{19EAD0D1-2428-47C4-A069-BBE92E15DDE3}.Debug|Any CPU.Build.0 = Debug|Any CPU
		{19EAD0D1-2428-47C4-A069-BBE92E15DDE3}.Release|Any CPU.ActiveCfg = Release|Any CPU
		{19EAD0D1-2428-47C4-A069-BBE92E15DDE3}.Release|Any CPU.Build.0 = Release|Any CPU
		{250B3320-82AF-45CE-8F4A-CA7333733C25}.Debug|Any CPU.ActiveCfg = Debug|Any CPU
		{250B3320-82AF-45CE-8F4A-CA7333733C25}.Debug|Any CPU.Build.0 = Debug|Any CPU
		{250B3320-82AF-45CE-8F4A-CA7333733C25}.Release|Any CPU.ActiveCfg = Release|Any CPU
		{250B3320-82AF-45CE-8F4A-CA7333733C25}.Release|Any CPU.Build.0 = Release|Any CPU
		{BCA22533-3847-4F5C-AFF3-77F7843AE35E}.Debug|Any CPU.ActiveCfg = Debug|Any CPU
		{BCA22533-3847-4F5C-AFF3-77F7843AE35E}.Debug|Any CPU.Build.0 = Debug|Any CPU
		{BCA22533-3847-4F5C-AFF3-77F7843AE35E}.Release|Any CPU.ActiveCfg = Release|Any CPU
		{BCA22533-3847-4F5C-AFF3-77F7843AE35E}.Release|Any CPU.Build.0 = Release|Any CPU
		{C2CB13E7-8EEE-4D99-A2AA-4B5D0ABC0027}.Debug|Any CPU.ActiveCfg = Debug|Any CPU
		{C2CB13E7-8EEE-4D99-A2AA-4B5D0ABC0027}.Debug|Any CPU.Build.0 = Debug|Any CPU
		{C2CB13E7-8EEE-4D99-A2AA-4B5D0ABC0027}.Release|Any CPU.ActiveCfg = Release|Any CPU
		{C2CB13E7-8EEE-4D99-A2AA-4B5D0ABC0027}.Release|Any CPU.Build.0 = Release|Any CPU
		{E6449025-FA55-4483-BDCD-435231F7A728}.Debug|Any CPU.ActiveCfg = Debug|Any CPU
		{E6449025-FA55-4483-BDCD-435231F7A728}.Debug|Any CPU.Build.0 = Debug|Any CPU
		{E6449025-FA55-4483-BDCD-435231F7A728}.Release|Any CPU.ActiveCfg = Release|Any CPU
		{E6449025-FA55-4483-BDCD-435231F7A728}.Release|Any CPU.Build.0 = Release|Any CPU
		{C934E670-E55B-47D6-8740-20715223F92C}.Debug|Any CPU.ActiveCfg = Debug|Any CPU
		{C934E670-E55B-47D6-8740-20715223F92C}.Debug|Any CPU.Build.0 = Debug|Any CPU
		{C934E670-E55B-47D6-8740-20715223F92C}.Release|Any CPU.ActiveCfg = Release|Any CPU
		{C934E670-E55B-47D6-8740-20715223F92C}.Release|Any CPU.Build.0 = Release|Any CPU
		{CC41BBF2-3777-4040-B6CE-3C36A2B3D400}.Debug|Any CPU.ActiveCfg = Debug|Any CPU
		{CC41BBF2-3777-4040-B6CE-3C36A2B3D400}.Debug|Any CPU.Build.0 = Debug|Any CPU
		{CC41BBF2-3777-4040-B6CE-3C36A2B3D400}.Release|Any CPU.ActiveCfg = Release|Any CPU
		{CC41BBF2-3777-4040-B6CE-3C36A2B3D400}.Release|Any CPU.Build.0 = Release|Any CPU
		{D8C61E3C-90EB-4DF7-854C-57136943966E}.Debug|Any CPU.ActiveCfg = Debug|Any CPU
		{D8C61E3C-90EB-4DF7-854C-57136943966E}.Debug|Any CPU.Build.0 = Debug|Any CPU
		{D8C61E3C-90EB-4DF7-854C-57136943966E}.Release|Any CPU.ActiveCfg = Release|Any CPU
		{D8C61E3C-90EB-4DF7-854C-57136943966E}.Release|Any CPU.Build.0 = Release|Any CPU
		{3C60D157-0D0C-488E-A177-A8C7A4C4CC52}.Debug|Any CPU.ActiveCfg = Debug|Any CPU
		{3C60D157-0D0C-488E-A177-A8C7A4C4CC52}.Debug|Any CPU.Build.0 = Debug|Any CPU
		{3C60D157-0D0C-488E-A177-A8C7A4C4CC52}.Release|Any CPU.ActiveCfg = Release|Any CPU
		{3C60D157-0D0C-488E-A177-A8C7A4C4CC52}.Release|Any CPU.Build.0 = Release|Any CPU
		{329E7206-601F-4086-A9AC-EBB241694AD2}.Debug|Any CPU.ActiveCfg = Debug|Any CPU
		{329E7206-601F-4086-A9AC-EBB241694AD2}.Debug|Any CPU.Build.0 = Debug|Any CPU
		{329E7206-601F-4086-A9AC-EBB241694AD2}.Release|Any CPU.ActiveCfg = Release|Any CPU
		{329E7206-601F-4086-A9AC-EBB241694AD2}.Release|Any CPU.Build.0 = Release|Any CPU
		{D61832F6-3BA4-49EF-9679-416B914D07B4}.Debug|Any CPU.ActiveCfg = Debug|Any CPU
		{D61832F6-3BA4-49EF-9679-416B914D07B4}.Debug|Any CPU.Build.0 = Debug|Any CPU
		{D61832F6-3BA4-49EF-9679-416B914D07B4}.Release|Any CPU.ActiveCfg = Release|Any CPU
		{D61832F6-3BA4-49EF-9679-416B914D07B4}.Release|Any CPU.Build.0 = Release|Any CPU
		{A18505D6-4ECA-46F8-9335-50571E8A3B83}.Debug|Any CPU.ActiveCfg = Debug|Any CPU
		{A18505D6-4ECA-46F8-9335-50571E8A3B83}.Debug|Any CPU.Build.0 = Debug|Any CPU
		{A18505D6-4ECA-46F8-9335-50571E8A3B83}.Release|Any CPU.ActiveCfg = Release|Any CPU
		{A18505D6-4ECA-46F8-9335-50571E8A3B83}.Release|Any CPU.Build.0 = Release|Any CPU
		{FC8EB0AD-F00D-4775-8C57-672A3B55155B}.Debug|Any CPU.ActiveCfg = Debug|Any CPU
		{FC8EB0AD-F00D-4775-8C57-672A3B55155B}.Debug|Any CPU.Build.0 = Debug|Any CPU
		{FC8EB0AD-F00D-4775-8C57-672A3B55155B}.Release|Any CPU.ActiveCfg = Release|Any CPU
		{FC8EB0AD-F00D-4775-8C57-672A3B55155B}.Release|Any CPU.Build.0 = Release|Any CPU
	EndGlobalSection
	GlobalSection(SolutionProperties) = preSolution
		HideSolutionNode = FALSE
	EndGlobalSection
	GlobalSection(ExtensibilityGlobals) = postSolution
		SolutionGuid = {CEB172EE-6067-4645-8753-11BA2ABC86ED}
	EndGlobalSection
EndGlobal
